
Microsoft Visual Studio Solution File, Format Version 12.00
# Visual Studio Version 17
VisualStudioVersion = 17.4.33205.214
MinimumVisualStudioVersion = 10.0.40219.1
Project("{FAE04EC0-301F-11D3-BF4B-00C04F79EFBC}") = "Aula260123", "Aula260123.csproj", "{21F43962-A544-4DCB-8E2E-BCDC6CDD3105}"
EndProject
Global
	GlobalSection(SolutionConfigurationPlatforms) = preSolution
		Debug|Any CPU = Debug|Any CPU
		Release|Any CPU = Release|Any CPU
	EndGlobalSection
	GlobalSection(ProjectConfigurationPlatforms) = postSolution
		{21F43962-A544-4DCB-8E2E-BCDC6CDD3105}.Debug|Any CPU.ActiveCfg = Debug|Any CPU
		{21F43962-A544-4DCB-8E2E-BCDC6CDD3105}.Debug|Any CPU.Build.0 = Debug|Any CPU
		{21F43962-A544-4DCB-8E2E-BCDC6CDD3105}.Release|Any CPU.ActiveCfg = Release|Any CPU
		{21F43962-A544-4DCB-8E2E-BCDC6CDD3105}.Release|Any CPU.Build.0 = Release|Any CPU
	EndGlobalSection
	GlobalSection(SolutionProperties) = preSolution
		HideSolutionNode = FALSE
	EndGlobalSection
	GlobalSection(ExtensibilityGlobals) = postSolution
		SolutionGuid = {00F77A09-FA63-4C42-8CEC-0F06CCC4E64A}
	EndGlobalSection
EndGlobal
